// !$*UTF8*$!
{
	archiveVersion = 1;
	classes = {
	};
	objectVersion = 46;
	objects = {

/* Begin PBXBuildFile section */
		100CE5451F023BF4005C5C8D /* PostScreenViewController.swift in Sources */ = {isa = PBXBuildFile; fileRef = 100CE5441F023BF4005C5C8D /* PostScreenViewController.swift */; };
		100EE3911EF156A7005A79C1 /* ViewController.swift in Sources */ = {isa = PBXBuildFile; fileRef = 100EE3901EF156A7005A79C1 /* ViewController.swift */; };
		100EE3941EF156A7005A79C1 /* Main.storyboard in Resources */ = {isa = PBXBuildFile; fileRef = 100EE3921EF156A7005A79C1 /* Main.storyboard */; };
		100EE3961EF156A7005A79C1 /* Assets.xcassets in Resources */ = {isa = PBXBuildFile; fileRef = 100EE3951EF156A7005A79C1 /* Assets.xcassets */; };
		100EE3991EF156A7005A79C1 /* LaunchScreen.storyboard in Resources */ = {isa = PBXBuildFile; fileRef = 100EE3971EF156A7005A79C1 /* LaunchScreen.storyboard */; };
		100EE3A41EF156A8005A79C1 /* PYTTests.swift in Sources */ = {isa = PBXBuildFile; fileRef = 100EE3A31EF156A8005A79C1 /* PYTTests.swift */; };
		100EE3AF1EF156A8005A79C1 /* PYTUITests.swift in Sources */ = {isa = PBXBuildFile; fileRef = 100EE3AE1EF156A8005A79C1 /* PYTUITests.swift */; };
		100EE3BE1EF15F1E005A79C1 /* AppDelegate.swift in Sources */ = {isa = PBXBuildFile; fileRef = 100EE3BD1EF15F1E005A79C1 /* AppDelegate.swift */; };
		1025FBA11EFBD8000068B557 /* apiClassInterest.swift in Sources */ = {isa = PBXBuildFile; fileRef = 1025FB9E1EFBD8000068B557 /* apiClassInterest.swift */; };
		1025FBA31EFBD8000068B557 /* intrestViewController.swift in Sources */ = {isa = PBXBuildFile; fileRef = 1025FBA01EFBD8000068B557 /* intrestViewController.swift */; };
		104182681EF253D400078527 /* apiClass.swift in Sources */ = {isa = PBXBuildFile; fileRef = 104182671EF253D400078527 /* apiClass.swift */; };
		1041826B1EF25D4300078527 /* CommonFunctionsClass.swift in Sources */ = {isa = PBXBuildFile; fileRef = 1041826A1EF25D4300078527 /* CommonFunctionsClass.swift */; };
		1041826D1EF2688C00078527 /* storyCountClass.swift in Sources */ = {isa = PBXBuildFile; fileRef = 1041826C1EF2688C00078527 /* storyCountClass.swift */; };
		104182721EF26A4600078527 /* objectiveCFile.m in Sources */ = {isa = PBXBuildFile; fileRef = 104182701EF26A4600078527 /* objectiveCFile.m */; };
		104182951EF26AEC00078527 /* Bolts.framework in Frameworks */ = {isa = PBXBuildFile; fileRef = 104182761EF26AEC00078527 /* Bolts.framework */; };
		104182961EF26AEC00078527 /* FBSDKCoreKit.framework in Frameworks */ = {isa = PBXBuildFile; fileRef = 104182771EF26AEC00078527 /* FBSDKCoreKit.framework */; };
		104182971EF26AEC00078527 /* FBSDKLoginKit.framework in Frameworks */ = {isa = PBXBuildFile; fileRef = 104182781EF26AEC00078527 /* FBSDKLoginKit.framework */; };
		104182981EF26AEC00078527 /* FBSDKShareKit.framework in Frameworks */ = {isa = PBXBuildFile; fileRef = 104182791EF26AEC00078527 /* FBSDKShareKit.framework */; };
		104182B01EF26AEC00078527 /* SweetAlert.swift in Sources */ = {isa = PBXBuildFile; fileRef = 104182921EF26AEC00078527 /* SweetAlert.swift */; };
		104182B11EF26AEC00078527 /* UIColor+CreateMethods.m in Sources */ = {isa = PBXBuildFile; fileRef = 104182941EF26AEC00078527 /* UIColor+CreateMethods.m */; };
		105ED8DD1EFCE11400C133D0 /* UIImageView+FaceAware.swift in Sources */ = {isa = PBXBuildFile; fileRef = 105ED8DC1EFCE11400C133D0 /* UIImageView+FaceAware.swift */; };
		105ED8E11EFCE7F000C133D0 /* ChooseInterestVC.swift in Sources */ = {isa = PBXBuildFile; fileRef = 105ED8E01EFCE7F000C133D0 /* ChooseInterestVC.swift */; };
		1065FD771EFD2DE100D2C38F /* detailViewController.swift in Sources */ = {isa = PBXBuildFile; fileRef = 1065FD761EFD2DE100D2C38F /* detailViewController.swift */; };
		1068D15B1EF7A73600047942 /* MainTabBarViewController.swift in Sources */ = {isa = PBXBuildFile; fileRef = 1068D15A1EF7A73600047942 /* MainTabBarViewController.swift */; };
		1089A5A81EF3EAFC006197FE /* ForgotPasswordViewController.swift in Sources */ = {isa = PBXBuildFile; fileRef = 1089A5A41EF3EAFC006197FE /* ForgotPasswordViewController.swift */; };
		1089A5A91EF3EAFC006197FE /* signupProfilePictureViewController.swift in Sources */ = {isa = PBXBuildFile; fileRef = 1089A5A51EF3EAFC006197FE /* signupProfilePictureViewController.swift */; };
		1089A5AA1EF3EAFC006197FE /* SignUpScreenViewController.swift in Sources */ = {isa = PBXBuildFile; fileRef = 1089A5A61EF3EAFC006197FE /* SignUpScreenViewController.swift */; };
		1089A5AB1EF3EAFC006197FE /* signupSetPasswordViewController.swift in Sources */ = {isa = PBXBuildFile; fileRef = 1089A5A71EF3EAFC006197FE /* signupSetPasswordViewController.swift */; };
		10B3A32D1EF3DE890053989C /* SFUIDisplay-Black.otf in Resources */ = {isa = PBXBuildFile; fileRef = 10B3A3241EF3DE890053989C /* SFUIDisplay-Black.otf */; };
		10B3A32E1EF3DE890053989C /* SFUIDisplay-Bold.otf in Resources */ = {isa = PBXBuildFile; fileRef = 10B3A3251EF3DE890053989C /* SFUIDisplay-Bold.otf */; };
		10B3A32F1EF3DE890053989C /* SFUIDisplay-Heavy.otf in Resources */ = {isa = PBXBuildFile; fileRef = 10B3A3261EF3DE890053989C /* SFUIDisplay-Heavy.otf */; };
		10B3A3301EF3DE890053989C /* SFUIDisplay-Light.otf in Resources */ = {isa = PBXBuildFile; fileRef = 10B3A3271EF3DE890053989C /* SFUIDisplay-Light.otf */; };
		10B3A3311EF3DE890053989C /* SFUIDisplay-Medium.otf in Resources */ = {isa = PBXBuildFile; fileRef = 10B3A3281EF3DE890053989C /* SFUIDisplay-Medium.otf */; };
		10B3A3321EF3DE890053989C /* SFUIDisplay-Regular.otf in Resources */ = {isa = PBXBuildFile; fileRef = 10B3A3291EF3DE890053989C /* SFUIDisplay-Regular.otf */; };
		10B3A3331EF3DE890053989C /* SFUIDisplay-Semibold.otf in Resources */ = {isa = PBXBuildFile; fileRef = 10B3A32A1EF3DE890053989C /* SFUIDisplay-Semibold.otf */; };
		10B3A3341EF3DE890053989C /* SFUIDisplay-Thin.otf in Resources */ = {isa = PBXBuildFile; fileRef = 10B3A32B1EF3DE890053989C /* SFUIDisplay-Thin.otf */; };
		10B3A3351EF3DE890053989C /* SFUIDisplay-Ultralight.otf in Resources */ = {isa = PBXBuildFile; fileRef = 10B3A32C1EF3DE890053989C /* SFUIDisplay-Ultralight.otf */; };
		10B3A3371EF3E5980053989C /* extensions.swift in Sources */ = {isa = PBXBuildFile; fileRef = 10B3A3361EF3E5980053989C /* extensions.swift */; };
		10C4E9E21EF3B76600E05303 /* searchTableCell.swift in Sources */ = {isa = PBXBuildFile; fileRef = 10C4E9E11EF3B76600E05303 /* searchTableCell.swift */; };
		10C4E9E81EF3BBE800E05303 /* searchScreenViewController.swift in Sources */ = {isa = PBXBuildFile; fileRef = 10C4E9E71EF3BBE800E05303 /* searchScreenViewController.swift */; };
		10CD18861EF7EA780031093F /* cellClassTableViewCell.swift in Sources */ = {isa = PBXBuildFile; fileRef = 10CD18851EF7EA780031093F /* cellClassTableViewCell.swift */; };
		10CD188A1EF7FE440031093F /* GestureViewClass.swift in Sources */ = {isa = PBXBuildFile; fileRef = 10CD18881EF7FE440031093F /* GestureViewClass.swift */; };
		10CD188B1EF7FE440031093F /* LongPressGesture.swift in Sources */ = {isa = PBXBuildFile; fileRef = 10CD18891EF7FE440031093F /* LongPressGesture.swift */; };
		10D005801EF78B81002BED25 /* mainHomeViewController.swift in Sources */ = {isa = PBXBuildFile; fileRef = 10D0057F1EF78B81002BED25 /* mainHomeViewController.swift */; };
		3560C2CC3CCBA85BAE977F76 /* Pods_PYT.framework in Frameworks */ = {isa = PBXBuildFile; fileRef = 1513D63A44D48DD66BDE374E /* Pods_PYT.framework */; };
		3F0A1A839E646D951FB2AFE2 /* Pods_PYTTests.framework in Frameworks */ = {isa = PBXBuildFile; fileRef = E7F872540E6E55EA79995C4E /* Pods_PYTTests.framework */; };
		D40763B2F488B3119D99F30D /* Pods_PYTUITests.framework in Frameworks */ = {isa = PBXBuildFile; fileRef = DF1CBD5A76A6F2CFB3117474 /* Pods_PYTUITests.framework */; };
/* End PBXBuildFile section */

/* Begin PBXContainerItemProxy section */
		100EE3A01EF156A8005A79C1 /* PBXContainerItemProxy */ = {
			isa = PBXContainerItemProxy;
			containerPortal = 100EE3831EF156A6005A79C1 /* Project object */;
			proxyType = 1;
			remoteGlobalIDString = 100EE38A1EF156A6005A79C1;
			remoteInfo = PYT;
		};
		100EE3AB1EF156A8005A79C1 /* PBXContainerItemProxy */ = {
			isa = PBXContainerItemProxy;
			containerPortal = 100EE3831EF156A6005A79C1 /* Project object */;
			proxyType = 1;
			remoteGlobalIDString = 100EE38A1EF156A6005A79C1;
			remoteInfo = PYT;
		};
/* End PBXContainerItemProxy section */

/* Begin PBXFileReference section */
		100CE5441F023BF4005C5C8D /* PostScreenViewController.swift */ = {isa = PBXFileReference; fileEncoding = 4; lastKnownFileType = sourcecode.swift; path = PostScreenViewController.swift; sourceTree = "<group>"; };
		100EE38B1EF156A7005A79C1 /* PYT.app */ = {isa = PBXFileReference; explicitFileType = wrapper.application; includeInIndex = 0; path = PYT.app; sourceTree = BUILT_PRODUCTS_DIR; };
		100EE3901EF156A7005A79C1 /* ViewController.swift */ = {isa = PBXFileReference; lastKnownFileType = sourcecode.swift; path = ViewController.swift; sourceTree = "<group>"; };
		100EE3931EF156A7005A79C1 /* Base */ = {isa = PBXFileReference; lastKnownFileType = file.storyboard; name = Base; path = Base.lproj/Main.storyboard; sourceTree = "<group>"; };
		100EE3951EF156A7005A79C1 /* Assets.xcassets */ = {isa = PBXFileReference; lastKnownFileType = folder.assetcatalog; path = Assets.xcassets; sourceTree = "<group>"; };
		100EE3981EF156A7005A79C1 /* Base */ = {isa = PBXFileReference; lastKnownFileType = file.storyboard; name = Base; path = Base.lproj/LaunchScreen.storyboard; sourceTree = "<group>"; };
		100EE39A1EF156A7005A79C1 /* Info.plist */ = {isa = PBXFileReference; lastKnownFileType = text.plist.xml; path = Info.plist; sourceTree = "<group>"; };
		100EE39F1EF156A8005A79C1 /* PYTTests.xctest */ = {isa = PBXFileReference; explicitFileType = wrapper.cfbundle; includeInIndex = 0; path = PYTTests.xctest; sourceTree = BUILT_PRODUCTS_DIR; };
		100EE3A31EF156A8005A79C1 /* PYTTests.swift */ = {isa = PBXFileReference; lastKnownFileType = sourcecode.swift; path = PYTTests.swift; sourceTree = "<group>"; };
		100EE3A51EF156A8005A79C1 /* Info.plist */ = {isa = PBXFileReference; lastKnownFileType = text.plist.xml; path = Info.plist; sourceTree = "<group>"; };
		100EE3AA1EF156A8005A79C1 /* PYTUITests.xctest */ = {isa = PBXFileReference; explicitFileType = wrapper.cfbundle; includeInIndex = 0; path = PYTUITests.xctest; sourceTree = BUILT_PRODUCTS_DIR; };
		100EE3AE1EF156A8005A79C1 /* PYTUITests.swift */ = {isa = PBXFileReference; lastKnownFileType = sourcecode.swift; path = PYTUITests.swift; sourceTree = "<group>"; };
		100EE3B01EF156A8005A79C1 /* Info.plist */ = {isa = PBXFileReference; lastKnownFileType = text.plist.xml; path = Info.plist; sourceTree = "<group>"; };
		100EE3BD1EF15F1E005A79C1 /* AppDelegate.swift */ = {isa = PBXFileReference; fileEncoding = 4; lastKnownFileType = sourcecode.swift; path = AppDelegate.swift; sourceTree = "<group>"; };
		1025FB9E1EFBD8000068B557 /* apiClassInterest.swift */ = {isa = PBXFileReference; fileEncoding = 4; lastKnownFileType = sourcecode.swift; path = apiClassInterest.swift; sourceTree = "<group>"; };
		1025FBA01EFBD8000068B557 /* intrestViewController.swift */ = {isa = PBXFileReference; fileEncoding = 4; lastKnownFileType = sourcecode.swift; path = intrestViewController.swift; sourceTree = "<group>"; };
		104182671EF253D400078527 /* apiClass.swift */ = {isa = PBXFileReference; fileEncoding = 4; lastKnownFileType = sourcecode.swift; name = apiClass.swift; path = SingltonClass/apiClass.swift; sourceTree = "<group>"; };
		1041826A1EF25D4300078527 /* CommonFunctionsClass.swift */ = {isa = PBXFileReference; fileEncoding = 4; lastKnownFileType = sourcecode.swift; name = CommonFunctionsClass.swift; path = SingltonClass/CommonFunctionsClass.swift; sourceTree = "<group>"; };
		1041826C1EF2688C00078527 /* storyCountClass.swift */ = {isa = PBXFileReference; fileEncoding = 4; lastKnownFileType = sourcecode.swift; name = storyCountClass.swift; path = "Story Class/storyCountClass.swift"; sourceTree = "<group>"; };
		104182701EF26A4600078527 /* objectiveCFile.m */ = {isa = PBXFileReference; fileEncoding = 4; lastKnownFileType = sourcecode.c.objc; name = objectiveCFile.m; path = bridgingHeader/objectiveCFile.m; sourceTree = "<group>"; };
		104182761EF26AEC00078527 /* Bolts.framework */ = {isa = PBXFileReference; lastKnownFileType = wrapper.framework; path = Bolts.framework; sourceTree = "<group>"; };
		104182771EF26AEC00078527 /* FBSDKCoreKit.framework */ = {isa = PBXFileReference; lastKnownFileType = wrapper.framework; path = FBSDKCoreKit.framework; sourceTree = "<group>"; };
		104182781EF26AEC00078527 /* FBSDKLoginKit.framework */ = {isa = PBXFileReference; lastKnownFileType = wrapper.framework; path = FBSDKLoginKit.framework; sourceTree = "<group>"; };
		104182791EF26AEC00078527 /* FBSDKShareKit.framework */ = {isa = PBXFileReference; lastKnownFileType = wrapper.framework; path = FBSDKShareKit.framework; sourceTree = "<group>"; };
		104182921EF26AEC00078527 /* SweetAlert.swift */ = {isa = PBXFileReference; fileEncoding = 4; lastKnownFileType = sourcecode.swift; path = SweetAlert.swift; sourceTree = "<group>"; };
		104182931EF26AEC00078527 /* UIColor+CreateMethods.h */ = {isa = PBXFileReference; fileEncoding = 4; lastKnownFileType = sourcecode.c.h; path = "UIColor+CreateMethods.h"; sourceTree = "<group>"; };
		104182941EF26AEC00078527 /* UIColor+CreateMethods.m */ = {isa = PBXFileReference; fileEncoding = 4; lastKnownFileType = sourcecode.c.objc; path = "UIColor+CreateMethods.m"; sourceTree = "<group>"; };
		104182B21EF26DB100078527 /* PYT-Bridging-Header.h */ = {isa = PBXFileReference; lastKnownFileType = sourcecode.c.h; path = "PYT-Bridging-Header.h"; sourceTree = "<group>"; };
		105ED8DC1EFCE11400C133D0 /* UIImageView+FaceAware.swift */ = {isa = PBXFileReference; fileEncoding = 4; lastKnownFileType = sourcecode.swift; path = "UIImageView+FaceAware.swift"; sourceTree = "<group>"; };
		105ED8E01EFCE7F000C133D0 /* ChooseInterestVC.swift */ = {isa = PBXFileReference; fileEncoding = 4; lastKnownFileType = sourcecode.swift; path = ChooseInterestVC.swift; sourceTree = "<group>"; };
		1065FD761EFD2DE100D2C38F /* detailViewController.swift */ = {isa = PBXFileReference; fileEncoding = 4; lastKnownFileType = sourcecode.swift; path = detailViewController.swift; sourceTree = "<group>"; };
		1068D15A1EF7A73600047942 /* MainTabBarViewController.swift */ = {isa = PBXFileReference; fileEncoding = 4; lastKnownFileType = sourcecode.swift; path = MainTabBarViewController.swift; sourceTree = "<group>"; };
		1089A5A41EF3EAFC006197FE /* ForgotPasswordViewController.swift */ = {isa = PBXFileReference; fileEncoding = 4; lastKnownFileType = sourcecode.swift; name = ForgotPasswordViewController.swift; path = LoginSignupClasses/ForgotPasswordViewController.swift; sourceTree = "<group>"; };
		1089A5A51EF3EAFC006197FE /* signupProfilePictureViewController.swift */ = {isa = PBXFileReference; fileEncoding = 4; lastKnownFileType = sourcecode.swift; name = signupProfilePictureViewController.swift; path = LoginSignupClasses/signupProfilePictureViewController.swift; sourceTree = "<group>"; };
		1089A5A61EF3EAFC006197FE /* SignUpScreenViewController.swift */ = {isa = PBXFileReference; fileEncoding = 4; lastKnownFileType = sourcecode.swift; name = SignUpScreenViewController.swift; path = LoginSignupClasses/SignUpScreenViewController.swift; sourceTree = "<group>"; };
		1089A5A71EF3EAFC006197FE /* signupSetPasswordViewController.swift */ = {isa = PBXFileReference; fileEncoding = 4; lastKnownFileType = sourcecode.swift; name = signupSetPasswordViewController.swift; path = LoginSignupClasses/signupSetPasswordViewController.swift; sourceTree = "<group>"; };
		10B3A3241EF3DE890053989C /* SFUIDisplay-Black.otf */ = {isa = PBXFileReference; lastKnownFileType = file; path = "SFUIDisplay-Black.otf"; sourceTree = "<group>"; };
		10B3A3251EF3DE890053989C /* SFUIDisplay-Bold.otf */ = {isa = PBXFileReference; lastKnownFileType = file; path = "SFUIDisplay-Bold.otf"; sourceTree = "<group>"; };
		10B3A3261EF3DE890053989C /* SFUIDisplay-Heavy.otf */ = {isa = PBXFileReference; lastKnownFileType = file; path = "SFUIDisplay-Heavy.otf"; sourceTree = "<group>"; };
		10B3A3271EF3DE890053989C /* SFUIDisplay-Light.otf */ = {isa = PBXFileReference; lastKnownFileType = file; path = "SFUIDisplay-Light.otf"; sourceTree = "<group>"; };
		10B3A3281EF3DE890053989C /* SFUIDisplay-Medium.otf */ = {isa = PBXFileReference; lastKnownFileType = file; path = "SFUIDisplay-Medium.otf"; sourceTree = "<group>"; };
		10B3A3291EF3DE890053989C /* SFUIDisplay-Regular.otf */ = {isa = PBXFileReference; lastKnownFileType = file; path = "SFUIDisplay-Regular.otf"; sourceTree = "<group>"; };
		10B3A32A1EF3DE890053989C /* SFUIDisplay-Semibold.otf */ = {isa = PBXFileReference; lastKnownFileType = file; path = "SFUIDisplay-Semibold.otf"; sourceTree = "<group>"; };
		10B3A32B1EF3DE890053989C /* SFUIDisplay-Thin.otf */ = {isa = PBXFileReference; lastKnownFileType = file; path = "SFUIDisplay-Thin.otf"; sourceTree = "<group>"; };
		10B3A32C1EF3DE890053989C /* SFUIDisplay-Ultralight.otf */ = {isa = PBXFileReference; lastKnownFileType = file; path = "SFUIDisplay-Ultralight.otf"; sourceTree = "<group>"; };
		10B3A3361EF3E5980053989C /* extensions.swift */ = {isa = PBXFileReference; fileEncoding = 4; lastKnownFileType = sourcecode.swift; path = extensions.swift; sourceTree = "<group>"; };
		10C4E9E11EF3B76600E05303 /* searchTableCell.swift */ = {isa = PBXFileReference; fileEncoding = 4; lastKnownFileType = sourcecode.swift; name = searchTableCell.swift; path = SearchScreenClass/searchTableCell.swift; sourceTree = "<group>"; };
		10C4E9E71EF3BBE800E05303 /* searchScreenViewController.swift */ = {isa = PBXFileReference; fileEncoding = 4; lastKnownFileType = sourcecode.swift; name = searchScreenViewController.swift; path = SearchScreenClass/searchScreenViewController.swift; sourceTree = "<group>"; };
		10CD18851EF7EA780031093F /* cellClassTableViewCell.swift */ = {isa = PBXFileReference; fileEncoding = 4; lastKnownFileType = sourcecode.swift; path = cellClassTableViewCell.swift; sourceTree = "<group>"; };
		10CD18881EF7FE440031093F /* GestureViewClass.swift */ = {isa = PBXFileReference; fileEncoding = 4; lastKnownFileType = sourcecode.swift; path = GestureViewClass.swift; sourceTree = "<group>"; };
		10CD18891EF7FE440031093F /* LongPressGesture.swift */ = {isa = PBXFileReference; fileEncoding = 4; lastKnownFileType = sourcecode.swift; path = LongPressGesture.swift; sourceTree = "<group>"; };
		10D0057F1EF78B81002BED25 /* mainHomeViewController.swift */ = {isa = PBXFileReference; fileEncoding = 4; lastKnownFileType = sourcecode.swift; path = mainHomeViewController.swift; sourceTree = "<group>"; };
		1513D63A44D48DD66BDE374E /* Pods_PYT.framework */ = {isa = PBXFileReference; explicitFileType = wrapper.framework; includeInIndex = 0; path = Pods_PYT.framework; sourceTree = BUILT_PRODUCTS_DIR; };
		189BCB752BE844C72E8099AE /* Pods-PYTTests.debug.xcconfig */ = {isa = PBXFileReference; includeInIndex = 1; lastKnownFileType = text.xcconfig; name = "Pods-PYTTests.debug.xcconfig"; path = "Pods/Target Support Files/Pods-PYTTests/Pods-PYTTests.debug.xcconfig"; sourceTree = "<group>"; };
		339B98DE012895F7805568E9 /* Pods-PYTUITests.debug.xcconfig */ = {isa = PBXFileReference; includeInIndex = 1; lastKnownFileType = text.xcconfig; name = "Pods-PYTUITests.debug.xcconfig"; path = "Pods/Target Support Files/Pods-PYTUITests/Pods-PYTUITests.debug.xcconfig"; sourceTree = "<group>"; };
		4A4FEC046E4E3CABEE2C71DF /* Pods-PYTTests.release.xcconfig */ = {isa = PBXFileReference; includeInIndex = 1; lastKnownFileType = text.xcconfig; name = "Pods-PYTTests.release.xcconfig"; path = "Pods/Target Support Files/Pods-PYTTests/Pods-PYTTests.release.xcconfig"; sourceTree = "<group>"; };
		8BFB0ED538E02E5499196809 /* Pods-PYT.release.xcconfig */ = {isa = PBXFileReference; includeInIndex = 1; lastKnownFileType = text.xcconfig; name = "Pods-PYT.release.xcconfig"; path = "Pods/Target Support Files/Pods-PYT/Pods-PYT.release.xcconfig"; sourceTree = "<group>"; };
		8DA46A4A0B286CB8D44252CF /* Pods-PYTUITests.release.xcconfig */ = {isa = PBXFileReference; includeInIndex = 1; lastKnownFileType = text.xcconfig; name = "Pods-PYTUITests.release.xcconfig"; path = "Pods/Target Support Files/Pods-PYTUITests/Pods-PYTUITests.release.xcconfig"; sourceTree = "<group>"; };
		DF1CBD5A76A6F2CFB3117474 /* Pods_PYTUITests.framework */ = {isa = PBXFileReference; explicitFileType = wrapper.framework; includeInIndex = 0; path = Pods_PYTUITests.framework; sourceTree = BUILT_PRODUCTS_DIR; };
		E7F872540E6E55EA79995C4E /* Pods_PYTTests.framework */ = {isa = PBXFileReference; explicitFileType = wrapper.framework; includeInIndex = 0; path = Pods_PYTTests.framework; sourceTree = BUILT_PRODUCTS_DIR; };
		F3F3E2242D8683953AD779DC /* Pods-PYT.debug.xcconfig */ = {isa = PBXFileReference; includeInIndex = 1; lastKnownFileType = text.xcconfig; name = "Pods-PYT.debug.xcconfig"; path = "Pods/Target Support Files/Pods-PYT/Pods-PYT.debug.xcconfig"; sourceTree = "<group>"; };
/* End PBXFileReference section */

/* Begin PBXFrameworksBuildPhase section */
		100EE3881EF156A6005A79C1 /* Frameworks */ = {
			isa = PBXFrameworksBuildPhase;
			buildActionMask = 2147483647;
			files = (
				3560C2CC3CCBA85BAE977F76 /* Pods_PYT.framework in Frameworks */,
				104182961EF26AEC00078527 /* FBSDKCoreKit.framework in Frameworks */,
				104182981EF26AEC00078527 /* FBSDKShareKit.framework in Frameworks */,
				104182971EF26AEC00078527 /* FBSDKLoginKit.framework in Frameworks */,
				104182951EF26AEC00078527 /* Bolts.framework in Frameworks */,
			);
			runOnlyForDeploymentPostprocessing = 0;
		};
		100EE39C1EF156A8005A79C1 /* Frameworks */ = {
			isa = PBXFrameworksBuildPhase;
			buildActionMask = 2147483647;
			files = (
				3F0A1A839E646D951FB2AFE2 /* Pods_PYTTests.framework in Frameworks */,
			);
			runOnlyForDeploymentPostprocessing = 0;
		};
		100EE3A71EF156A8005A79C1 /* Frameworks */ = {
			isa = PBXFrameworksBuildPhase;
			buildActionMask = 2147483647;
			files = (
				D40763B2F488B3119D99F30D /* Pods_PYTUITests.framework in Frameworks */,
			);
			runOnlyForDeploymentPostprocessing = 0;
		};
/* End PBXFrameworksBuildPhase section */

/* Begin PBXGroup section */
		100CE5431F023BDF005C5C8D /* Post module screens */ = {
			isa = PBXGroup;
			children = (
				100CE5441F023BF4005C5C8D /* PostScreenViewController.swift */,
			);
			path = "Post module screens";
			sourceTree = "<group>";
		};
		100EE3821EF156A6005A79C1 = {
			isa = PBXGroup;
			children = (
				100EE38D1EF156A7005A79C1 /* PYT */,
				100EE3A21EF156A8005A79C1 /* PYTTests */,
				100EE3AD1EF156A8005A79C1 /* PYTUITests */,
				100EE38C1EF156A7005A79C1 /* Products */,
				D839C3FFDDB31808E898C434 /* Pods */,
				C173BD451CB783A2EC98F3B2 /* Frameworks */,
			);
			sourceTree = "<group>";
		};
		100EE38C1EF156A7005A79C1 /* Products */ = {
			isa = PBXGroup;
			children = (
				100EE38B1EF156A7005A79C1 /* PYT.app */,
				100EE39F1EF156A8005A79C1 /* PYTTests.xctest */,
				100EE3AA1EF156A8005A79C1 /* PYTUITests.xctest */,
			);
			name = Products;
			sourceTree = "<group>";
		};
		100EE38D1EF156A7005A79C1 /* PYT */ = {
			isa = PBXGroup;
			children = (
				100EE3921EF156A7005A79C1 /* Main.storyboard */,
				10B3A3231EF3DE890053989C /* SF_Font */,
				105ED8DB1EFCE11400C133D0 /* FaceAware */,
				100EE3BD1EF15F1E005A79C1 /* AppDelegate.swift */,
				100EE3901EF156A7005A79C1 /* ViewController.swift */,
				10940A701EF2CC9900864242 /* LoginSignupClasses */,
				10C4E9DC1EF3A80700E05303 /* Search Screen */,
				1068D1591EF7A73600047942 /* Tab Bar Controller */,
				10D0057E1EF78B81002BED25 /* MainHomeViewController */,
				1025FB9D1EFBD8000068B557 /* InterestViewController */,
				1065FD751EFD2DE100D2C38F /* DetailClass */,
				100CE5431F023BDF005C5C8D /* Post module screens */,
				104182691EF253DA00078527 /* Singlton Class */,
				1041826E1EF2688F00078527 /* StoryClassVc */,
				10CD18871EF7FE440031093F /* GestureViewClass */,
				104182731EF26A6000078527 /* Bridging Header */,
				104182751EF26AEC00078527 /* socialFramework */,
				100EE3951EF156A7005A79C1 /* Assets.xcassets */,
				100EE3971EF156A7005A79C1 /* LaunchScreen.storyboard */,
				100EE39A1EF156A7005A79C1 /* Info.plist */,
			);
			path = PYT;
			sourceTree = "<group>";
		};
		100EE3A21EF156A8005A79C1 /* PYTTests */ = {
			isa = PBXGroup;
			children = (
				100EE3A31EF156A8005A79C1 /* PYTTests.swift */,
				100EE3A51EF156A8005A79C1 /* Info.plist */,
			);
			path = PYTTests;
			sourceTree = "<group>";
		};
		100EE3AD1EF156A8005A79C1 /* PYTUITests */ = {
			isa = PBXGroup;
			children = (
				100EE3AE1EF156A8005A79C1 /* PYTUITests.swift */,
				100EE3B01EF156A8005A79C1 /* Info.plist */,
			);
			path = PYTUITests;
			sourceTree = "<group>";
		};
		1025FB9D1EFBD8000068B557 /* InterestViewController */ = {
			isa = PBXGroup;
			children = (
				105ED8E01EFCE7F000C133D0 /* ChooseInterestVC.swift */,
				1025FBA01EFBD8000068B557 /* intrestViewController.swift */,
				1025FB9E1EFBD8000068B557 /* apiClassInterest.swift */,
			);
			path = InterestViewController;
			sourceTree = "<group>";
		};
		104182691EF253DA00078527 /* Singlton Class */ = {
			isa = PBXGroup;
			children = (
				1041826A1EF25D4300078527 /* CommonFunctionsClass.swift */,
				104182671EF253D400078527 /* apiClass.swift */,
				10B3A3361EF3E5980053989C /* extensions.swift */,
			);
			name = "Singlton Class";
			sourceTree = "<group>";
		};
		1041826E1EF2688F00078527 /* StoryClassVc */ = {
			isa = PBXGroup;
			children = (
				1041826C1EF2688C00078527 /* storyCountClass.swift */,
			);
			name = StoryClassVc;
			sourceTree = "<group>";
		};
		104182731EF26A6000078527 /* Bridging Header */ = {
			isa = PBXGroup;
			children = (
				104182B21EF26DB100078527 /* PYT-Bridging-Header.h */,
				104182701EF26A4600078527 /* objectiveCFile.m */,
			);
			name = "Bridging Header";
			sourceTree = "<group>";
		};
		104182751EF26AEC00078527 /* socialFramework */ = {
			isa = PBXGroup;
			children = (
				104182761EF26AEC00078527 /* Bolts.framework */,
				104182771EF26AEC00078527 /* FBSDKCoreKit.framework */,
				104182781EF26AEC00078527 /* FBSDKLoginKit.framework */,
				104182791EF26AEC00078527 /* FBSDKShareKit.framework */,
				104182921EF26AEC00078527 /* SweetAlert.swift */,
				104182931EF26AEC00078527 /* UIColor+CreateMethods.h */,
				104182941EF26AEC00078527 /* UIColor+CreateMethods.m */,
			);
			path = socialFramework;
			sourceTree = "<group>";
		};
		105ED8DB1EFCE11400C133D0 /* FaceAware */ = {
			isa = PBXGroup;
			children = (
				105ED8DC1EFCE11400C133D0 /* UIImageView+FaceAware.swift */,
			);
			path = FaceAware;
			sourceTree = "<group>";
		};
		1065FD751EFD2DE100D2C38F /* DetailClass */ = {
			isa = PBXGroup;
			children = (
				1065FD761EFD2DE100D2C38F /* detailViewController.swift */,
			);
			path = DetailClass;
			sourceTree = "<group>";
		};
		1068D1591EF7A73600047942 /* Tab Bar Controller */ = {
			isa = PBXGroup;
			children = (
				1068D15A1EF7A73600047942 /* MainTabBarViewController.swift */,
			);
			path = "Tab Bar Controller";
			sourceTree = "<group>";
		};
		10940A701EF2CC9900864242 /* LoginSignupClasses */ = {
			isa = PBXGroup;
			children = (
				1089A5A41EF3EAFC006197FE /* ForgotPasswordViewController.swift */,
				1089A5A51EF3EAFC006197FE /* signupProfilePictureViewController.swift */,
				1089A5A61EF3EAFC006197FE /* SignUpScreenViewController.swift */,
				1089A5A71EF3EAFC006197FE /* signupSetPasswordViewController.swift */,
			);
			name = LoginSignupClasses;
			sourceTree = "<group>";
		};
		10B3A3231EF3DE890053989C /* SF_Font */ = {
			isa = PBXGroup;
			children = (
				10B3A3241EF3DE890053989C /* SFUIDisplay-Black.otf */,
				10B3A3251EF3DE890053989C /* SFUIDisplay-Bold.otf */,
				10B3A3261EF3DE890053989C /* SFUIDisplay-Heavy.otf */,
				10B3A3271EF3DE890053989C /* SFUIDisplay-Light.otf */,
				10B3A3281EF3DE890053989C /* SFUIDisplay-Medium.otf */,
				10B3A3291EF3DE890053989C /* SFUIDisplay-Regular.otf */,
				10B3A32A1EF3DE890053989C /* SFUIDisplay-Semibold.otf */,
				10B3A32B1EF3DE890053989C /* SFUIDisplay-Thin.otf */,
				10B3A32C1EF3DE890053989C /* SFUIDisplay-Ultralight.otf */,
			);
			path = SF_Font;
			sourceTree = "<group>";
		};
		10C4E9DC1EF3A80700E05303 /* Search Screen */ = {
			isa = PBXGroup;
			children = (
				10C4E9E71EF3BBE800E05303 /* searchScreenViewController.swift */,
				10C4E9E11EF3B76600E05303 /* searchTableCell.swift */,
			);
			name = "Search Screen";
			sourceTree = "<group>";
		};
		10CD18871EF7FE440031093F /* GestureViewClass */ = {
			isa = PBXGroup;
			children = (
				10CD18881EF7FE440031093F /* GestureViewClass.swift */,
				10CD18891EF7FE440031093F /* LongPressGesture.swift */,
			);
			path = GestureViewClass;
			sourceTree = "<group>";
		};
		10D0057E1EF78B81002BED25 /* MainHomeViewController */ = {
			isa = PBXGroup;
			children = (
				10D0057F1EF78B81002BED25 /* mainHomeViewController.swift */,
				10CD18851EF7EA780031093F /* cellClassTableViewCell.swift */,
			);
			path = MainHomeViewController;
			sourceTree = "<group>";
		};
		C173BD451CB783A2EC98F3B2 /* Frameworks */ = {
			isa = PBXGroup;
			children = (
				1513D63A44D48DD66BDE374E /* Pods_PYT.framework */,
				E7F872540E6E55EA79995C4E /* Pods_PYTTests.framework */,
				DF1CBD5A76A6F2CFB3117474 /* Pods_PYTUITests.framework */,
			);
			name = Frameworks;
			sourceTree = "<group>";
		};
		D839C3FFDDB31808E898C434 /* Pods */ = {
			isa = PBXGroup;
			children = (
				F3F3E2242D8683953AD779DC /* Pods-PYT.debug.xcconfig */,
				8BFB0ED538E02E5499196809 /* Pods-PYT.release.xcconfig */,
				189BCB752BE844C72E8099AE /* Pods-PYTTests.debug.xcconfig */,
				4A4FEC046E4E3CABEE2C71DF /* Pods-PYTTests.release.xcconfig */,
				339B98DE012895F7805568E9 /* Pods-PYTUITests.debug.xcconfig */,
				8DA46A4A0B286CB8D44252CF /* Pods-PYTUITests.release.xcconfig */,
			);
			name = Pods;
			sourceTree = "<group>";
		};
/* End PBXGroup section */

/* Begin PBXNativeTarget section */
		100EE38A1EF156A6005A79C1 /* PYT */ = {
			isa = PBXNativeTarget;
			buildConfigurationList = 100EE3B31EF156A8005A79C1 /* Build configuration list for PBXNativeTarget "PYT" */;
			buildPhases = (
				AD3799039E090A4F1C5873C5 /* [CP] Check Pods Manifest.lock */,
				100EE3871EF156A6005A79C1 /* Sources */,
				100EE3881EF156A6005A79C1 /* Frameworks */,
				100EE3891EF156A6005A79C1 /* Resources */,
				D4BDBFBB6C9FFBE1C35808BA /* [CP] Embed Pods Frameworks */,
				7F9588820438AF28AEB53368 /* [CP] Copy Pods Resources */,
			);
			buildRules = (
			);
			dependencies = (
			);
			name = PYT;
			productName = PYT;
			productReference = 100EE38B1EF156A7005A79C1 /* PYT.app */;
			productType = "com.apple.product-type.application";
		};
		100EE39E1EF156A8005A79C1 /* PYTTests */ = {
			isa = PBXNativeTarget;
			buildConfigurationList = 100EE3B61EF156A8005A79C1 /* Build configuration list for PBXNativeTarget "PYTTests" */;
			buildPhases = (
				41AA5515C9801388A02B3B6F /* [CP] Check Pods Manifest.lock */,
				100EE39B1EF156A8005A79C1 /* Sources */,
				100EE39C1EF156A8005A79C1 /* Frameworks */,
				100EE39D1EF156A8005A79C1 /* Resources */,
				C3B0DC9D4FABBB15D56775C4 /* [CP] Embed Pods Frameworks */,
				5B6755DAA57DD3FBC4702399 /* [CP] Copy Pods Resources */,
			);
			buildRules = (
			);
			dependencies = (
				100EE3A11EF156A8005A79C1 /* PBXTargetDependency */,
			);
			name = PYTTests;
			productName = PYTTests;
			productReference = 100EE39F1EF156A8005A79C1 /* PYTTests.xctest */;
			productType = "com.apple.product-type.bundle.unit-test";
		};
		100EE3A91EF156A8005A79C1 /* PYTUITests */ = {
			isa = PBXNativeTarget;
			buildConfigurationList = 100EE3B91EF156A8005A79C1 /* Build configuration list for PBXNativeTarget "PYTUITests" */;
			buildPhases = (
				4371B9156E75A4BC510DE74B /* [CP] Check Pods Manifest.lock */,
				100EE3A61EF156A8005A79C1 /* Sources */,
				100EE3A71EF156A8005A79C1 /* Frameworks */,
				100EE3A81EF156A8005A79C1 /* Resources */,
				36CD732FB81E8DBCD9AAAF41 /* [CP] Embed Pods Frameworks */,
				B2EB0E62EB15093265B6A274 /* [CP] Copy Pods Resources */,
			);
			buildRules = (
			);
			dependencies = (
				100EE3AC1EF156A8005A79C1 /* PBXTargetDependency */,
			);
			name = PYTUITests;
			productName = PYTUITests;
			productReference = 100EE3AA1EF156A8005A79C1 /* PYTUITests.xctest */;
			productType = "com.apple.product-type.bundle.ui-testing";
		};
/* End PBXNativeTarget section */

/* Begin PBXProject section */
		100EE3831EF156A6005A79C1 /* Project object */ = {
			isa = PBXProject;
			attributes = {
				LastSwiftUpdateCheck = 0820;
				LastUpgradeCheck = 0820;
				ORGANIZATIONNAME = osx;
				TargetAttributes = {
					100EE38A1EF156A6005A79C1 = {
						CreatedOnToolsVersion = 8.2.1;
						DevelopmentTeam = 9YDH3T82UC;
						LastSwiftMigration = 0820;
						ProvisioningStyle = Automatic;
					};
					100EE39E1EF156A8005A79C1 = {
						CreatedOnToolsVersion = 8.2.1;
						DevelopmentTeam = 9YDH3T82UC;
						ProvisioningStyle = Automatic;
						TestTargetID = 100EE38A1EF156A6005A79C1;
					};
					100EE3A91EF156A8005A79C1 = {
						CreatedOnToolsVersion = 8.2.1;
						DevelopmentTeam = 9YDH3T82UC;
						ProvisioningStyle = Automatic;
						TestTargetID = 100EE38A1EF156A6005A79C1;
					};
				};
			};
			buildConfigurationList = 100EE3861EF156A6005A79C1 /* Build configuration list for PBXProject "PYT" */;
			compatibilityVersion = "Xcode 3.2";
			developmentRegion = English;
			hasScannedForEncodings = 0;
			knownRegions = (
				en,
				Base,
			);
			mainGroup = 100EE3821EF156A6005A79C1;
			productRefGroup = 100EE38C1EF156A7005A79C1 /* Products */;
			projectDirPath = "";
			projectRoot = "";
			targets = (
				100EE38A1EF156A6005A79C1 /* PYT */,
				100EE39E1EF156A8005A79C1 /* PYTTests */,
				100EE3A91EF156A8005A79C1 /* PYTUITests */,
			);
		};
/* End PBXProject section */

/* Begin PBXResourcesBuildPhase section */
		100EE3891EF156A6005A79C1 /* Resources */ = {
			isa = PBXResourcesBuildPhase;
			buildActionMask = 2147483647;
			files = (
				10B3A3311EF3DE890053989C /* SFUIDisplay-Medium.otf in Resources */,
				10B3A3341EF3DE890053989C /* SFUIDisplay-Thin.otf in Resources */,
				10B3A3321EF3DE890053989C /* SFUIDisplay-Regular.otf in Resources */,
				10B3A3351EF3DE890053989C /* SFUIDisplay-Ultralight.otf in Resources */,
				10B3A32E1EF3DE890053989C /* SFUIDisplay-Bold.otf in Resources */,
				10B3A32F1EF3DE890053989C /* SFUIDisplay-Heavy.otf in Resources */,
				100EE3991EF156A7005A79C1 /* LaunchScreen.storyboard in Resources */,
				100EE3961EF156A7005A79C1 /* Assets.xcassets in Resources */,
				100EE3941EF156A7005A79C1 /* Main.storyboard in Resources */,
				10B3A32D1EF3DE890053989C /* SFUIDisplay-Black.otf in Resources */,
				10B3A3331EF3DE890053989C /* SFUIDisplay-Semibold.otf in Resources */,
				10B3A3301EF3DE890053989C /* SFUIDisplay-Light.otf in Resources */,
			);
			runOnlyForDeploymentPostprocessing = 0;
		};
		100EE39D1EF156A8005A79C1 /* Resources */ = {
			isa = PBXResourcesBuildPhase;
			buildActionMask = 2147483647;
			files = (
			);
			runOnlyForDeploymentPostprocessing = 0;
		};
		100EE3A81EF156A8005A79C1 /* Resources */ = {
			isa = PBXResourcesBuildPhase;
			buildActionMask = 2147483647;
			files = (
			);
			runOnlyForDeploymentPostprocessing = 0;
		};
/* End PBXResourcesBuildPhase section */

/* Begin PBXShellScriptBuildPhase section */
		36CD732FB81E8DBCD9AAAF41 /* [CP] Embed Pods Frameworks */ = {
			isa = PBXShellScriptBuildPhase;
			buildActionMask = 2147483647;
			files = (
			);
			inputPaths = (
			);
			name = "[CP] Embed Pods Frameworks";
			outputPaths = (
			);
			runOnlyForDeploymentPostprocessing = 0;
			shellPath = /bin/sh;
			shellScript = "\"${SRCROOT}/Pods/Target Support Files/Pods-PYTUITests/Pods-PYTUITests-frameworks.sh\"\n";
			showEnvVarsInLog = 0;
		};
		41AA5515C9801388A02B3B6F /* [CP] Check Pods Manifest.lock */ = {
			isa = PBXShellScriptBuildPhase;
			buildActionMask = 2147483647;
			files = (
			);
			inputPaths = (
			);
			name = "[CP] Check Pods Manifest.lock";
			outputPaths = (
			);
			runOnlyForDeploymentPostprocessing = 0;
			shellPath = /bin/sh;
			shellScript = "diff \"${PODS_ROOT}/../Podfile.lock\" \"${PODS_ROOT}/Manifest.lock\" > /dev/null\nif [ $? != 0 ] ; then\n    # print error to STDERR\n    echo \"error: The sandbox is not in sync with the Podfile.lock. Run 'pod install' or update your CocoaPods installation.\" >&2\n    exit 1\nfi\n";
			showEnvVarsInLog = 0;
		};
		4371B9156E75A4BC510DE74B /* [CP] Check Pods Manifest.lock */ = {
			isa = PBXShellScriptBuildPhase;
			buildActionMask = 2147483647;
			files = (
			);
			inputPaths = (
			);
			name = "[CP] Check Pods Manifest.lock";
			outputPaths = (
			);
			runOnlyForDeploymentPostprocessing = 0;
			shellPath = /bin/sh;
			shellScript = "diff \"${PODS_ROOT}/../Podfile.lock\" \"${PODS_ROOT}/Manifest.lock\" > /dev/null\nif [ $? != 0 ] ; then\n    # print error to STDERR\n    echo \"error: The sandbox is not in sync with the Podfile.lock. Run 'pod install' or update your CocoaPods installation.\" >&2\n    exit 1\nfi\n";
			showEnvVarsInLog = 0;
		};
		5B6755DAA57DD3FBC4702399 /* [CP] Copy Pods Resources */ = {
			isa = PBXShellScriptBuildPhase;
			buildActionMask = 2147483647;
			files = (
			);
			inputPaths = (
			);
			name = "[CP] Copy Pods Resources";
			outputPaths = (
			);
			runOnlyForDeploymentPostprocessing = 0;
			shellPath = /bin/sh;
			shellScript = "\"${SRCROOT}/Pods/Target Support Files/Pods-PYTTests/Pods-PYTTests-resources.sh\"\n";
			showEnvVarsInLog = 0;
		};
		7F9588820438AF28AEB53368 /* [CP] Copy Pods Resources */ = {
			isa = PBXShellScriptBuildPhase;
			buildActionMask = 2147483647;
			files = (
			);
			inputPaths = (
			);
			name = "[CP] Copy Pods Resources";
			outputPaths = (
			);
			runOnlyForDeploymentPostprocessing = 0;
			shellPath = /bin/sh;
			shellScript = "\"${SRCROOT}/Pods/Target Support Files/Pods-PYT/Pods-PYT-resources.sh\"\n";
			showEnvVarsInLog = 0;
		};
		AD3799039E090A4F1C5873C5 /* [CP] Check Pods Manifest.lock */ = {
			isa = PBXShellScriptBuildPhase;
			buildActionMask = 2147483647;
			files = (
			);
			inputPaths = (
			);
			name = "[CP] Check Pods Manifest.lock";
			outputPaths = (
			);
			runOnlyForDeploymentPostprocessing = 0;
			shellPath = /bin/sh;
			shellScript = "diff \"${PODS_ROOT}/../Podfile.lock\" \"${PODS_ROOT}/Manifest.lock\" > /dev/null\nif [ $? != 0 ] ; then\n    # print error to STDERR\n    echo \"error: The sandbox is not in sync with the Podfile.lock. Run 'pod install' or update your CocoaPods installation.\" >&2\n    exit 1\nfi\n";
			showEnvVarsInLog = 0;
		};
		B2EB0E62EB15093265B6A274 /* [CP] Copy Pods Resources */ = {
			isa = PBXShellScriptBuildPhase;
			buildActionMask = 2147483647;
			files = (
			);
			inputPaths = (
			);
			name = "[CP] Copy Pods Resources";
			outputPaths = (
			);
			runOnlyForDeploymentPostprocessing = 0;
			shellPath = /bin/sh;
			shellScript = "\"${SRCROOT}/Pods/Target Support Files/Pods-PYTUITests/Pods-PYTUITests-resources.sh\"\n";
			showEnvVarsInLog = 0;
		};
		C3B0DC9D4FABBB15D56775C4 /* [CP] Embed Pods Frameworks */ = {
			isa = PBXShellScriptBuildPhase;
			buildActionMask = 2147483647;
			files = (
			);
			inputPaths = (
			);
			name = "[CP] Embed Pods Frameworks";
			outputPaths = (
			);
			runOnlyForDeploymentPostprocessing = 0;
			shellPath = /bin/sh;
			shellScript = "\"${SRCROOT}/Pods/Target Support Files/Pods-PYTTests/Pods-PYTTests-frameworks.sh\"\n";
			showEnvVarsInLog = 0;
		};
		D4BDBFBB6C9FFBE1C35808BA /* [CP] Embed Pods Frameworks */ = {
			isa = PBXShellScriptBuildPhase;
			buildActionMask = 2147483647;
			files = (
			);
			inputPaths = (
			);
			name = "[CP] Embed Pods Frameworks";
			outputPaths = (
			);
			runOnlyForDeploymentPostprocessing = 0;
			shellPath = /bin/sh;
			shellScript = "\"${SRCROOT}/Pods/Target Support Files/Pods-PYT/Pods-PYT-frameworks.sh\"\n";
			showEnvVarsInLog = 0;
		};
/* End PBXShellScriptBuildPhase section */

/* Begin PBXSourcesBuildPhase section */
		100EE3871EF156A6005A79C1 /* Sources */ = {
			isa = PBXSourcesBuildPhase;
			buildActionMask = 2147483647;
			files = (
				10CD18861EF7EA780031093F /* cellClassTableViewCell.swift in Sources */,
				10CD188A1EF7FE440031093F /* GestureViewClass.swift in Sources */,
				1089A5A91EF3EAFC006197FE /* signupProfilePictureViewController.swift in Sources */,
				1065FD771EFD2DE100D2C38F /* detailViewController.swift in Sources */,
				1025FBA31EFBD8000068B557 /* intrestViewController.swift in Sources */,
				100EE3BE1EF15F1E005A79C1 /* AppDelegate.swift in Sources */,
				104182721EF26A4600078527 /* objectiveCFile.m in Sources */,
				1025FBA11EFBD8000068B557 /* apiClassInterest.swift in Sources */,
				1068D15B1EF7A73600047942 /* MainTabBarViewController.swift in Sources */,
				105ED8E11EFCE7F000C133D0 /* ChooseInterestVC.swift in Sources */,
				104182B11EF26AEC00078527 /* UIColor+CreateMethods.m in Sources */,
				10D005801EF78B81002BED25 /* mainHomeViewController.swift in Sources */,
				10B3A3371EF3E5980053989C /* extensions.swift in Sources */,
				10C4E9E81EF3BBE800E05303 /* searchScreenViewController.swift in Sources */,
				104182B01EF26AEC00078527 /* SweetAlert.swift in Sources */,
				10C4E9E21EF3B76600E05303 /* searchTableCell.swift in Sources */,
				1089A5AB1EF3EAFC006197FE /* signupSetPasswordViewController.swift in Sources */,
				10CD188B1EF7FE440031093F /* LongPressGesture.swift in Sources */,
				1089A5AA1EF3EAFC006197FE /* SignUpScreenViewController.swift in Sources */,
				1041826B1EF25D4300078527 /* CommonFunctionsClass.swift in Sources */,
				1089A5A81EF3EAFC006197FE /* ForgotPasswordViewController.swift in Sources */,
				105ED8DD1EFCE11400C133D0 /* UIImageView+FaceAware.swift in Sources */,
				100CE5451F023BF4005C5C8D /* PostScreenViewController.swift in Sources */,
				100EE3911EF156A7005A79C1 /* ViewController.swift in Sources */,
				104182681EF253D400078527 /* apiClass.swift in Sources */,
				1041826D1EF2688C00078527 /* storyCountClass.swift in Sources */,
			);
			runOnlyForDeploymentPostprocessing = 0;
		};
		100EE39B1EF156A8005A79C1 /* Sources */ = {
			isa = PBXSourcesBuildPhase;
			buildActionMask = 2147483647;
			files = (
				100EE3A41EF156A8005A79C1 /* PYTTests.swift in Sources */,
			);
			runOnlyForDeploymentPostprocessing = 0;
		};
		100EE3A61EF156A8005A79C1 /* Sources */ = {
			isa = PBXSourcesBuildPhase;
			buildActionMask = 2147483647;
			files = (
				100EE3AF1EF156A8005A79C1 /* PYTUITests.swift in Sources */,
			);
			runOnlyForDeploymentPostprocessing = 0;
		};
/* End PBXSourcesBuildPhase section */

/* Begin PBXTargetDependency section */
		100EE3A11EF156A8005A79C1 /* PBXTargetDependency */ = {
			isa = PBXTargetDependency;
			target = 100EE38A1EF156A6005A79C1 /* PYT */;
			targetProxy = 100EE3A01EF156A8005A79C1 /* PBXContainerItemProxy */;
		};
		100EE3AC1EF156A8005A79C1 /* PBXTargetDependency */ = {
			isa = PBXTargetDependency;
			target = 100EE38A1EF156A6005A79C1 /* PYT */;
			targetProxy = 100EE3AB1EF156A8005A79C1 /* PBXContainerItemProxy */;
		};
/* End PBXTargetDependency section */

/* Begin PBXVariantGroup section */
		100EE3921EF156A7005A79C1 /* Main.storyboard */ = {
			isa = PBXVariantGroup;
			children = (
				100EE3931EF156A7005A79C1 /* Base */,
			);
			name = Main.storyboard;
			sourceTree = "<group>";
		};
		100EE3971EF156A7005A79C1 /* LaunchScreen.storyboard */ = {
			isa = PBXVariantGroup;
			children = (
				100EE3981EF156A7005A79C1 /* Base */,
			);
			name = LaunchScreen.storyboard;
			sourceTree = "<group>";
		};
/* End PBXVariantGroup section */

/* Begin XCBuildConfiguration section */
		100EE3B11EF156A8005A79C1 /* Debug */ = {
			isa = XCBuildConfiguration;
			buildSettings = {
				ALWAYS_SEARCH_USER_PATHS = NO;
				CLANG_ANALYZER_NONNULL = YES;
				CLANG_CXX_LANGUAGE_STANDARD = "gnu++0x";
				CLANG_CXX_LIBRARY = "libc++";
				CLANG_ENABLE_MODULES = YES;
				CLANG_ENABLE_OBJC_ARC = YES;
				CLANG_WARN_BOOL_CONVERSION = YES;
				CLANG_WARN_CONSTANT_CONVERSION = YES;
				CLANG_WARN_DIRECT_OBJC_ISA_USAGE = YES_ERROR;
				CLANG_WARN_DOCUMENTATION_COMMENTS = YES;
				CLANG_WARN_EMPTY_BODY = YES;
				CLANG_WARN_ENUM_CONVERSION = YES;
				CLANG_WARN_INFINITE_RECURSION = YES;
				CLANG_WARN_INT_CONVERSION = YES;
				CLANG_WARN_OBJC_ROOT_CLASS = YES_ERROR;
				CLANG_WARN_SUSPICIOUS_MOVE = YES;
				CLANG_WARN_UNREACHABLE_CODE = YES;
				CLANG_WARN__DUPLICATE_METHOD_MATCH = YES;
				"CODE_SIGN_IDENTITY[sdk=iphoneos*]" = "iPhone Developer";
				COPY_PHASE_STRIP = NO;
				DEBUG_INFORMATION_FORMAT = dwarf;
				ENABLE_STRICT_OBJC_MSGSEND = YES;
				ENABLE_TESTABILITY = YES;
				GCC_C_LANGUAGE_STANDARD = gnu99;
				GCC_DYNAMIC_NO_PIC = NO;
				GCC_NO_COMMON_BLOCKS = YES;
				GCC_OPTIMIZATION_LEVEL = 0;
				GCC_PREPROCESSOR_DEFINITIONS = (
					"DEBUG=1",
					"$(inherited)",
				);
				GCC_WARN_64_TO_32_BIT_CONVERSION = YES;
				GCC_WARN_ABOUT_RETURN_TYPE = YES_ERROR;
				GCC_WARN_UNDECLARED_SELECTOR = YES;
				GCC_WARN_UNINITIALIZED_AUTOS = YES_AGGRESSIVE;
				GCC_WARN_UNUSED_FUNCTION = YES;
				GCC_WARN_UNUSED_VARIABLE = YES;
				IPHONEOS_DEPLOYMENT_TARGET = 10.2;
				MTL_ENABLE_DEBUG_INFO = YES;
				ONLY_ACTIVE_ARCH = YES;
				SDKROOT = iphoneos;
				SWIFT_ACTIVE_COMPILATION_CONDITIONS = DEBUG;
				SWIFT_OPTIMIZATION_LEVEL = "-Onone";
				TARGETED_DEVICE_FAMILY = "1,2";
			};
			name = Debug;
		};
		100EE3B21EF156A8005A79C1 /* Release */ = {
			isa = XCBuildConfiguration;
			buildSettings = {
				ALWAYS_SEARCH_USER_PATHS = NO;
				CLANG_ANALYZER_NONNULL = YES;
				CLANG_CXX_LANGUAGE_STANDARD = "gnu++0x";
				CLANG_CXX_LIBRARY = "libc++";
				CLANG_ENABLE_MODULES = YES;
				CLANG_ENABLE_OBJC_ARC = YES;
				CLANG_WARN_BOOL_CONVERSION = YES;
				CLANG_WARN_CONSTANT_CONVERSION = YES;
				CLANG_WARN_DIRECT_OBJC_ISA_USAGE = YES_ERROR;
				CLANG_WARN_DOCUMENTATION_COMMENTS = YES;
				CLANG_WARN_EMPTY_BODY = YES;
				CLANG_WARN_ENUM_CONVERSION = YES;
				CLANG_WARN_INFINITE_RECURSION = YES;
				CLANG_WARN_INT_CONVERSION = YES;
				CLANG_WARN_OBJC_ROOT_CLASS = YES_ERROR;
				CLANG_WARN_SUSPICIOUS_MOVE = YES;
				CLANG_WARN_UNREACHABLE_CODE = YES;
				CLANG_WARN__DUPLICATE_METHOD_MATCH = YES;
				"CODE_SIGN_IDENTITY[sdk=iphoneos*]" = "iPhone Developer";
				COPY_PHASE_STRIP = NO;
				DEBUG_INFORMATION_FORMAT = "dwarf-with-dsym";
				ENABLE_NS_ASSERTIONS = NO;
				ENABLE_STRICT_OBJC_MSGSEND = YES;
				GCC_C_LANGUAGE_STANDARD = gnu99;
				GCC_NO_COMMON_BLOCKS = YES;
				GCC_WARN_64_TO_32_BIT_CONVERSION = YES;
				GCC_WARN_ABOUT_RETURN_TYPE = YES_ERROR;
				GCC_WARN_UNDECLARED_SELECTOR = YES;
				GCC_WARN_UNINITIALIZED_AUTOS = YES_AGGRESSIVE;
				GCC_WARN_UNUSED_FUNCTION = YES;
				GCC_WARN_UNUSED_VARIABLE = YES;
				IPHONEOS_DEPLOYMENT_TARGET = 10.2;
				MTL_ENABLE_DEBUG_INFO = NO;
				SDKROOT = iphoneos;
				SWIFT_OPTIMIZATION_LEVEL = "-Owholemodule";
				TARGETED_DEVICE_FAMILY = "1,2";
				VALIDATE_PRODUCT = YES;
			};
			name = Release;
		};
		100EE3B41EF156A8005A79C1 /* Debug */ = {
			isa = XCBuildConfiguration;
			baseConfigurationReference = F3F3E2242D8683953AD779DC /* Pods-PYT.debug.xcconfig */;
			buildSettings = {
				ASSETCATALOG_COMPILER_APPICON_NAME = AppIcon;
				CLANG_ENABLE_MODULES = YES;
				"CODE_SIGN_IDENTITY[sdk=iphoneos*]" = "iPhone Developer";
				DEVELOPMENT_TEAM = 9YDH3T82UC;
				FRAMEWORK_SEARCH_PATHS = (
					"$(inherited)",
					"$(PROJECT_DIR)/PYT/socialFramework",
					"~/Documents/FacebookSDK",
				);
				INFOPLIST_FILE = PYT/Info.plist;
				IPHONEOS_DEPLOYMENT_TARGET = 8.0;
				LD_RUNPATH_SEARCH_PATHS = "$(inherited) @executable_path/Frameworks";
				PRODUCT_BUNDLE_IDENTIFIER = com.maven.development.PYT;
				PRODUCT_NAME = "$(TARGET_NAME)";
				PROVISIONING_PROFILE = "";
				PROVISIONING_PROFILE_SPECIFIER = "";
				SWIFT_OBJC_BRIDGING_HEADER = "/Users/osx/Documents/PYT_V2/PYT/PYT-Bridging-Header.h";
				SWIFT_OPTIMIZATION_LEVEL = "-Onone";
				SWIFT_VERSION = 3.0;
				TARGETED_DEVICE_FAMILY = 1;
			};
			name = Debug;
		};
		100EE3B51EF156A8005A79C1 /* Release */ = {
			isa = XCBuildConfiguration;
			baseConfigurationReference = 8BFB0ED538E02E5499196809 /* Pods-PYT.release.xcconfig */;
			buildSettings = {
				ASSETCATALOG_COMPILER_APPICON_NAME = AppIcon;
				CLANG_ENABLE_MODULES = YES;
				"CODE_SIGN_IDENTITY[sdk=iphoneos*]" = "iPhone Developer";
				DEVELOPMENT_TEAM = 9YDH3T82UC;
				FRAMEWORK_SEARCH_PATHS = (
					"$(inherited)",
					"$(PROJECT_DIR)/PYT/socialFramework",
					"~/Documents/FacebookSDK",
				);
				INFOPLIST_FILE = PYT/Info.plist;
				IPHONEOS_DEPLOYMENT_TARGET = 8.0;
				LD_RUNPATH_SEARCH_PATHS = "$(inherited) @executable_path/Frameworks";
				PRODUCT_BUNDLE_IDENTIFIER = com.maven.development.PYT;
				PRODUCT_NAME = "$(TARGET_NAME)";
				SWIFT_OBJC_BRIDGING_HEADER = "/Users/osx/Documents/PYT_V2/PYT/PYT-Bridging-Header.h";
				SWIFT_VERSION = 3.0;
				TARGETED_DEVICE_FAMILY = 1;
			};
			name = Release;
		};
		100EE3B71EF156A8005A79C1 /* Debug */ = {
			isa = XCBuildConfiguration;
			baseConfigurationReference = 189BCB752BE844C72E8099AE /* Pods-PYTTests.debug.xcconfig */;
			buildSettings = {
				ALWAYS_EMBED_SWIFT_STANDARD_LIBRARIES = YES;
				BUNDLE_LOADER = "$(TEST_HOST)";
				DEVELOPMENT_TEAM = 9YDH3T82UC;
				INFOPLIST_FILE = PYTTests/Info.plist;
				LD_RUNPATH_SEARCH_PATHS = "$(inherited) @executable_path/Frameworks @loader_path/Frameworks";
				PRODUCT_BUNDLE_IDENTIFIER = com.maven.development.PYTTests;
				PRODUCT_NAME = "$(TARGET_NAME)";
				SWIFT_VERSION = 3.0;
				TEST_HOST = "$(BUILT_PRODUCTS_DIR)/PYT.app/PYT";
			};
			name = Debug;
		};
		100EE3B81EF156A8005A79C1 /* Release */ = {
			isa = XCBuildConfiguration;
			baseConfigurationReference = 4A4FEC046E4E3CABEE2C71DF /* Pods-PYTTests.release.xcconfig */;
			buildSettings = {
				ALWAYS_EMBED_SWIFT_STANDARD_LIBRARIES = YES;
				BUNDLE_LOADER = "$(TEST_HOST)";
				DEVELOPMENT_TEAM = 9YDH3T82UC;
				INFOPLIST_FILE = PYTTests/Info.plist;
				LD_RUNPATH_SEARCH_PATHS = "$(inherited) @executable_path/Frameworks @loader_path/Frameworks";
				PRODUCT_BUNDLE_IDENTIFIER = com.maven.development.PYTTests;
				PRODUCT_NAME = "$(TARGET_NAME)";
				SWIFT_VERSION = 3.0;
				TEST_HOST = "$(BUILT_PRODUCTS_DIR)/PYT.app/PYT";
			};
			name = Release;
		};
		100EE3BA1EF156A8005A79C1 /* Debug */ = {
			isa = XCBuildConfiguration;
			baseConfigurationReference = 339B98DE012895F7805568E9 /* Pods-PYTUITests.debug.xcconfig */;
			buildSettings = {
				ALWAYS_EMBED_SWIFT_STANDARD_LIBRARIES = YES;
				DEVELOPMENT_TEAM = 9YDH3T82UC;
				INFOPLIST_FILE = PYTUITests/Info.plist;
				LD_RUNPATH_SEARCH_PATHS = "$(inherited) @executable_path/Frameworks @loader_path/Frameworks";
				PRODUCT_BUNDLE_IDENTIFIER = com.maven.development.PYTUITests;
				PRODUCT_NAME = "$(TARGET_NAME)";
				SWIFT_VERSION = 3.0;
				TEST_TARGET_NAME = PYT;
			};
			name = Debug;
		};
		100EE3BB1EF156A8005A79C1 /* Release */ = {
			isa = XCBuildConfiguration;
			baseConfigurationReference = 8DA46A4A0B286CB8D44252CF /* Pods-PYTUITests.release.xcconfig */;
			buildSettings = {
				ALWAYS_EMBED_SWIFT_STANDARD_LIBRARIES = YES;
				DEVELOPMENT_TEAM = 9YDH3T82UC;
				INFOPLIST_FILE = PYTUITests/Info.plist;
				LD_RUNPATH_SEARCH_PATHS = "$(inherited) @executable_path/Frameworks @loader_path/Frameworks";
				PRODUCT_BUNDLE_IDENTIFIER = com.maven.development.PYTUITests;
				PRODUCT_NAME = "$(TARGET_NAME)";
				SWIFT_VERSION = 3.0;
				TEST_TARGET_NAME = PYT;
			};
			name = Release;
		};
/* End XCBuildConfiguration section */

/* Begin XCConfigurationList section */
		100EE3861EF156A6005A79C1 /* Build configuration list for PBXProject "PYT" */ = {
			isa = XCConfigurationList;
			buildConfigurations = (
				100EE3B11EF156A8005A79C1 /* Debug */,
				100EE3B21EF156A8005A79C1 /* Release */,
			);
			defaultConfigurationIsVisible = 0;
			defaultConfigurationName = Release;
		};
		100EE3B31EF156A8005A79C1 /* Build configuration list for PBXNativeTarget "PYT" */ = {
			isa = XCConfigurationList;
			buildConfigurations = (
				100EE3B41EF156A8005A79C1 /* Debug */,
				100EE3B51EF156A8005A79C1 /* Release */,
			);
			defaultConfigurationIsVisible = 0;
			defaultConfigurationName = Release;
		};
		100EE3B61EF156A8005A79C1 /* Build configuration list for PBXNativeTarget "PYTTests" */ = {
			isa = XCConfigurationList;
			buildConfigurations = (
				100EE3B71EF156A8005A79C1 /* Debug */,
				100EE3B81EF156A8005A79C1 /* Release */,
			);
			defaultConfigurationIsVisible = 0;
			defaultConfigurationName = Release;
		};
		100EE3B91EF156A8005A79C1 /* Build configuration list for PBXNativeTarget "PYTUITests" */ = {
			isa = XCConfigurationList;
			buildConfigurations = (
				100EE3BA1EF156A8005A79C1 /* Debug */,
				100EE3BB1EF156A8005A79C1 /* Release */,
			);
			defaultConfigurationIsVisible = 0;
			defaultConfigurationName = Release;
		};
/* End XCConfigurationList section */
	};
	rootObject = 100EE3831EF156A6005A79C1 /* Project object */;
}
